
Microsoft Visual Studio Solution File, Format Version 12.00
# Visual Studio Version 17
VisualStudioVersion = 17.7.34009.444
MinimumVisualStudioVersion = 10.0.40219.1
Project("{FAE04EC0-301F-11D3-BF4B-00C04F79EFBC}") = "Registrationform", "Registrationform\Registrationform.csproj", "{C24B3D0B-9927-41A1-8B89-1C5061FEF55C}"
EndProject
Global
	GlobalSection(SolutionConfigurationPlatforms) = preSolution
		Debug|Any CPU = Debug|Any CPU
		Release|Any CPU = Release|Any CPU
	EndGlobalSection
	GlobalSection(ProjectConfigurationPlatforms) = postSolution
		{C24B3D0B-9927-41A1-8B89-1C5061FEF55C}.Debug|Any CPU.ActiveCfg = Debug|Any CPU
		{C24B3D0B-9927-41A1-8B89-1C5061FEF55C}.Debug|Any CPU.Build.0 = Debug|Any CPU
		{C24B3D0B-9927-41A1-8B89-1C5061FEF55C}.Release|Any CPU.ActiveCfg = Release|Any CPU
		{C24B3D0B-9927-41A1-8B89-1C5061FEF55C}.Release|Any CPU.Build.0 = Release|Any CPU
	EndGlobalSection
	GlobalSection(SolutionProperties) = preSolution
		HideSolutionNode = FALSE
	EndGlobalSection
	GlobalSection(ExtensibilityGlobals) = postSolution
		SolutionGuid = {86622D54-DD9B-46BD-985F-9D2AFF9010D2}
	EndGlobalSection
EndGlobal
